
Microsoft Visual Studio Solution File, Format Version 12.00
# Visual Studio Version 17
VisualStudioVersion = 17.11.35208.52
MinimumVisualStudioVersion = 10.0.40219.1
Project("{FAE04EC0-301F-11D3-BF4B-00C04F79EFBC}") = "GenrativeWpfApp1", "GenrativeWpfApp1.csproj", "{0CFC4369-7F79-4070-A96D-9D91BA84D566}"
EndProject
Global
	GlobalSection(SolutionConfigurationPlatforms) = preSolution
		Debug|Any CPU = Debug|Any CPU
		Release|Any CPU = Release|Any CPU
	EndGlobalSection
	GlobalSection(ProjectConfigurationPlatforms) = postSolution
		{0CFC4369-7F79-4070-A96D-9D91BA84D566}.Debug|Any CPU.ActiveCfg = Debug|Any CPU
		{0CFC4369-7F79-4070-A96D-9D91BA84D566}.Debug|Any CPU.Build.0 = Debug|Any CPU
		{0CFC4369-7F79-4070-A96D-9D91BA84D566}.Release|Any CPU.ActiveCfg = Release|Any CPU
		{0CFC4369-7F79-4070-A96D-9D91BA84D566}.Release|Any CPU.Build.0 = Release|Any CPU
	EndGlobalSection
	GlobalSection(SolutionProperties) = preSolution
		HideSolutionNode = FALSE
	EndGlobalSection
	GlobalSection(ExtensibilityGlobals) = postSolution
		SolutionGuid = {A596DA6B-2C5E-4D5F-83AA-FC6EFA74560F}
	EndGlobalSection
EndGlobal
